
Microsoft Visual Studio Solution File, Format Version 12.00
# Visual Studio 15
VisualStudioVersion = 15.0.27428.2005
MinimumVisualStudioVersion = 10.0.40219.1
Project("{FAE04EC0-301F-11D3-BF4B-00C04F79EFBC}") = "WebService", "WebService\WebService.csproj", "{4FDBB869-BE4B-4BF0-8A29-F05665BD0551}"
EndProject
Global
	GlobalSection(SolutionConfigurationPlatforms) = preSolution
		Debug|Any CPU = Debug|Any CPU
		Release|Any CPU = Release|Any CPU
	EndGlobalSection
	GlobalSection(ProjectConfigurationPlatforms) = postSolution
		{4FDBB869-BE4B-4BF0-8A29-F05665BD0551}.Debug|Any CPU.ActiveCfg = Debug|Any CPU
		{4FDBB869-BE4B-4BF0-8A29-F05665BD0551}.Debug|Any CPU.Build.0 = Debug|Any CPU
		{4FDBB869-BE4B-4BF0-8A29-F05665BD0551}.Release|Any CPU.ActiveCfg = Release|Any CPU
		{4FDBB869-BE4B-4BF0-8A29-F05665BD0551}.Release|Any CPU.Build.0 = Release|Any CPU
	EndGlobalSection
	GlobalSection(SolutionProperties) = preSolution
		HideSolutionNode = FALSE
	EndGlobalSection
	GlobalSection(ExtensibilityGlobals) = postSolution
		SolutionGuid = {86E6BFB1-5155-4879-96D0-4ED8AF1F393B}
	EndGlobalSection
EndGlobal
